// !$*UTF8*$!
{
	archiveVersion = 1;
	classes = {
	};
	objectVersion = 56;
	objects = {

/* Begin PBXBuildFile section */
		B888EF9229F7C61700065C9E /* AppDelegate.swift in Sources */ = {isa = PBXBuildFile; fileRef = B888EF9129F7C61700065C9E /* AppDelegate.swift */; };
		B888EF9429F7C61700065C9E /* SceneDelegate.swift in Sources */ = {isa = PBXBuildFile; fileRef = B888EF9329F7C61700065C9E /* SceneDelegate.swift */; };
		B888EF9B29F7C61800065C9E /* Assets.xcassets in Resources */ = {isa = PBXBuildFile; fileRef = B888EF9A29F7C61800065C9E /* Assets.xcassets */; };
		B888EF9E29F7C61800065C9E /* LaunchScreen.storyboard in Resources */ = {isa = PBXBuildFile; fileRef = B888EF9C29F7C61800065C9E /* LaunchScreen.storyboard */; };
		B888EFA629F7C66C00065C9E /* MainViewController.swift in Sources */ = {isa = PBXBuildFile; fileRef = B888EFA529F7C66C00065C9E /* MainViewController.swift */; };
		B888EFA829F7C8AE00065C9E /* CommonWebView.swift in Sources */ = {isa = PBXBuildFile; fileRef = B888EFA729F7C8AE00065C9E /* CommonWebView.swift */; };
		B8CD451D29F8B26A00508FA4 /* CommonBridgeResultDto.swift in Sources */ = {isa = PBXBuildFile; fileRef = B8CD451C29F8B26A00508FA4 /* CommonBridgeResultDto.swift */; };
		B8CD451F29F8B5FA00508FA4 /* CommonWebViewController.swift in Sources */ = {isa = PBXBuildFile; fileRef = B8CD451E29F8B5FA00508FA4 /* CommonWebViewController.swift */; };
		B8CD452129F8B8A200508FA4 /* CommonUrl.swift in Sources */ = {isa = PBXBuildFile; fileRef = B8CD452029F8B8A200508FA4 /* CommonUrl.swift */; };
		B8CD452329F8BB0700508FA4 /* AppConfigure.swift in Sources */ = {isa = PBXBuildFile; fileRef = B8CD452229F8BB0700508FA4 /* AppConfigure.swift */; };
		B8CD452829F8BCCD00508FA4 /* Person.swift in Sources */ = {isa = PBXBuildFile; fileRef = B8CD452729F8BCCD00508FA4 /* Person.swift */; };
		B8CD452B29F8DBF100508FA4 /* BaseViewController.swift in Sources */ = {isa = PBXBuildFile; fileRef = B8CD452A29F8DBF100508FA4 /* BaseViewController.swift */; };
		B8CD452F29F8DCA500508FA4 /* CommonBottomModal.swift in Sources */ = {isa = PBXBuildFile; fileRef = B8CD452E29F8DCA500508FA4 /* CommonBottomModal.swift */; };
		B8CD453129F8DCF300508FA4 /* CommonLoadingView.swift in Sources */ = {isa = PBXBuildFile; fileRef = B8CD453029F8DCF300508FA4 /* CommonLoadingView.swift */; };
		B8CD453429F8DD1B00508FA4 /* lottie.json in Resources */ = {isa = PBXBuildFile; fileRef = B8CD453329F8DD1B00508FA4 /* lottie.json */; };
		B8CD453629F8DD7200508FA4 /* CommonRetryView.swift in Sources */ = {isa = PBXBuildFile; fileRef = B8CD453529F8DD7200508FA4 /* CommonRetryView.swift */; };
		CC78AB669AB87A7905DC7892 /* Pods_OrganizeWebView.framework in Frameworks */ = {isa = PBXBuildFile; fileRef = 50144647E0893750C959B045 /* Pods_OrganizeWebView.framework */; };
/* End PBXBuildFile section */

/* Begin PBXFileReference section */
		50144647E0893750C959B045 /* Pods_OrganizeWebView.framework */ = {isa = PBXFileReference; explicitFileType = wrapper.framework; includeInIndex = 0; path = Pods_OrganizeWebView.framework; sourceTree = BUILT_PRODUCTS_DIR; };
		B888EF8E29F7C61700065C9E /* OrganizeWebView.app */ = {isa = PBXFileReference; explicitFileType = wrapper.application; includeInIndex = 0; path = OrganizeWebView.app; sourceTree = BUILT_PRODUCTS_DIR; };
		B888EF9129F7C61700065C9E /* AppDelegate.swift */ = {isa = PBXFileReference; lastKnownFileType = sourcecode.swift; path = AppDelegate.swift; sourceTree = "<group>"; };
		B888EF9329F7C61700065C9E /* SceneDelegate.swift */ = {isa = PBXFileReference; lastKnownFileType = sourcecode.swift; path = SceneDelegate.swift; sourceTree = "<group>"; };
		B888EF9A29F7C61800065C9E /* Assets.xcassets */ = {isa = PBXFileReference; lastKnownFileType = folder.assetcatalog; path = Assets.xcassets; sourceTree = "<group>"; };
		B888EF9D29F7C61800065C9E /* Base */ = {isa = PBXFileReference; lastKnownFileType = file.storyboard; name = Base; path = Base.lproj/LaunchScreen.storyboard; sourceTree = "<group>"; };
		B888EF9F29F7C61800065C9E /* Info.plist */ = {isa = PBXFileReference; lastKnownFileType = text.plist.xml; path = Info.plist; sourceTree = "<group>"; };
		B888EFA529F7C66C00065C9E /* MainViewController.swift */ = {isa = PBXFileReference; lastKnownFileType = sourcecode.swift; path = MainViewController.swift; sourceTree = "<group>"; };
		B888EFA729F7C8AE00065C9E /* CommonWebView.swift */ = {isa = PBXFileReference; lastKnownFileType = sourcecode.swift; path = CommonWebView.swift; sourceTree = "<group>"; };
		B8CD451C29F8B26A00508FA4 /* CommonBridgeResultDto.swift */ = {isa = PBXFileReference; lastKnownFileType = sourcecode.swift; path = CommonBridgeResultDto.swift; sourceTree = "<group>"; };
		B8CD451E29F8B5FA00508FA4 /* CommonWebViewController.swift */ = {isa = PBXFileReference; lastKnownFileType = sourcecode.swift; path = CommonWebViewController.swift; sourceTree = "<group>"; };
		B8CD452029F8B8A200508FA4 /* CommonUrl.swift */ = {isa = PBXFileReference; lastKnownFileType = sourcecode.swift; path = CommonUrl.swift; sourceTree = "<group>"; };
		B8CD452229F8BB0700508FA4 /* AppConfigure.swift */ = {isa = PBXFileReference; lastKnownFileType = sourcecode.swift; path = AppConfigure.swift; sourceTree = "<group>"; };
		B8CD452729F8BCCD00508FA4 /* Person.swift */ = {isa = PBXFileReference; lastKnownFileType = sourcecode.swift; path = Person.swift; sourceTree = "<group>"; };
		B8CD452A29F8DBF100508FA4 /* BaseViewController.swift */ = {isa = PBXFileReference; lastKnownFileType = sourcecode.swift; path = BaseViewController.swift; sourceTree = "<group>"; };
		B8CD452E29F8DCA500508FA4 /* CommonBottomModal.swift */ = {isa = PBXFileReference; lastKnownFileType = sourcecode.swift; path = CommonBottomModal.swift; sourceTree = "<group>"; };
		B8CD453029F8DCF300508FA4 /* CommonLoadingView.swift */ = {isa = PBXFileReference; lastKnownFileType = sourcecode.swift; path = CommonLoadingView.swift; sourceTree = "<group>"; };
		B8CD453329F8DD1B00508FA4 /* lottie.json */ = {isa = PBXFileReference; fileEncoding = 4; lastKnownFileType = text.json; name = lottie.json; path = ../lottie.json; sourceTree = "<group>"; };
		B8CD453529F8DD7200508FA4 /* CommonRetryView.swift */ = {isa = PBXFileReference; lastKnownFileType = sourcecode.swift; path = CommonRetryView.swift; sourceTree = "<group>"; };
		D78A701B8F11EA7DFA17C79A /* Pods-OrganizeWebView.release.xcconfig */ = {isa = PBXFileReference; includeInIndex = 1; lastKnownFileType = text.xcconfig; name = "Pods-OrganizeWebView.release.xcconfig"; path = "Target Support Files/Pods-OrganizeWebView/Pods-OrganizeWebView.release.xcconfig"; sourceTree = "<group>"; };
		EA0F408E4D6DEE149947A0DD /* Pods-OrganizeWebView.debug.xcconfig */ = {isa = PBXFileReference; includeInIndex = 1; lastKnownFileType = text.xcconfig; name = "Pods-OrganizeWebView.debug.xcconfig"; path = "Target Support Files/Pods-OrganizeWebView/Pods-OrganizeWebView.debug.xcconfig"; sourceTree = "<group>"; };
/* End PBXFileReference section */

/* Begin PBXFrameworksBuildPhase section */
		B888EF8B29F7C61700065C9E /* Frameworks */ = {
			isa = PBXFrameworksBuildPhase;
			buildActionMask = 2147483647;
			files = (
				CC78AB669AB87A7905DC7892 /* Pods_OrganizeWebView.framework in Frameworks */,
			);
			runOnlyForDeploymentPostprocessing = 0;
		};
/* End PBXFrameworksBuildPhase section */

/* Begin PBXGroup section */
		10DC8A28C57ED9BF65BCC311 /* Pods */ = {
			isa = PBXGroup;
			children = (
				EA0F408E4D6DEE149947A0DD /* Pods-OrganizeWebView.debug.xcconfig */,
				D78A701B8F11EA7DFA17C79A /* Pods-OrganizeWebView.release.xcconfig */,
			);
			path = Pods;
			sourceTree = "<group>";
		};
		58BC3D68BC9C58C777793430 /* Frameworks */ = {
			isa = PBXGroup;
			children = (
				50144647E0893750C959B045 /* Pods_OrganizeWebView.framework */,
			);
			name = Frameworks;
			sourceTree = "<group>";
		};
		B888EF8529F7C61700065C9E = {
			isa = PBXGroup;
			children = (
				B888EF9029F7C61700065C9E /* OrganizeWebView */,
				B888EF8F29F7C61700065C9E /* Products */,
				10DC8A28C57ED9BF65BCC311 /* Pods */,
				58BC3D68BC9C58C777793430 /* Frameworks */,
			);
			sourceTree = "<group>";
		};
		B888EF8F29F7C61700065C9E /* Products */ = {
			isa = PBXGroup;
			children = (
				B888EF8E29F7C61700065C9E /* OrganizeWebView.app */,
			);
			name = Products;
			sourceTree = "<group>";
		};
		B888EF9029F7C61700065C9E /* OrganizeWebView */ = {
			isa = PBXGroup;
			children = (
				B8CD453229F8DD0800508FA4 /* Resource */,
				B8CD452D29F8DC9300508FA4 /* Common */,
				B8CD452C29F8DC4E00508FA4 /* WebView */,
				B8CD452929F8DBDC00508FA4 /* Base */,
				B8CD452429F8BC9100508FA4 /* Model */,
				B888EF9129F7C61700065C9E /* AppDelegate.swift */,
				B888EF9329F7C61700065C9E /* SceneDelegate.swift */,
				B888EF9A29F7C61800065C9E /* Assets.xcassets */,
				B888EF9C29F7C61800065C9E /* LaunchScreen.storyboard */,
				B888EF9F29F7C61800065C9E /* Info.plist */,
				B888EFA529F7C66C00065C9E /* MainViewController.swift */,
				B8CD452229F8BB0700508FA4 /* AppConfigure.swift */,
			);
			path = OrganizeWebView;
			sourceTree = "<group>";
		};
		B8CD452429F8BC9100508FA4 /* Model */ = {
			isa = PBXGroup;
			children = (
				B8CD451C29F8B26A00508FA4 /* CommonBridgeResultDto.swift */,
				B8CD452729F8BCCD00508FA4 /* Person.swift */,
			);
			path = Model;
			sourceTree = "<group>";
		};
		B8CD452929F8DBDC00508FA4 /* Base */ = {
			isa = PBXGroup;
			children = (
				B8CD452A29F8DBF100508FA4 /* BaseViewController.swift */,
			);
			path = Base;
			sourceTree = "<group>";
		};
		B8CD452C29F8DC4E00508FA4 /* WebView */ = {
			isa = PBXGroup;
			children = (
				B888EFA729F7C8AE00065C9E /* CommonWebView.swift */,
				B8CD451E29F8B5FA00508FA4 /* CommonWebViewController.swift */,
				B8CD452029F8B8A200508FA4 /* CommonUrl.swift */,
			);
			path = WebView;
			sourceTree = "<group>";
		};
		B8CD452D29F8DC9300508FA4 /* Common */ = {
			isa = PBXGroup;
			children = (
				B8CD452E29F8DCA500508FA4 /* CommonBottomModal.swift */,
				B8CD453029F8DCF300508FA4 /* CommonLoadingView.swift */,
				B8CD453529F8DD7200508FA4 /* CommonRetryView.swift */,
			);
			path = Common;
			sourceTree = "<group>";
		};
		B8CD453229F8DD0800508FA4 /* Resource */ = {
			isa = PBXGroup;
			children = (
				B8CD453329F8DD1B00508FA4 /* lottie.json */,
			);
			path = Resource;
			sourceTree = "<group>";
		};
/* End PBXGroup section */

/* Begin PBXNativeTarget section */
		B888EF8D29F7C61700065C9E /* OrganizeWebView */ = {
			isa = PBXNativeTarget;
			buildConfigurationList = B888EFA229F7C61800065C9E /* Build configuration list for PBXNativeTarget "OrganizeWebView" */;
			buildPhases = (
				20FCD472AA029A547436373E /* [CP] Check Pods Manifest.lock */,
				B888EF8A29F7C61700065C9E /* Sources */,
				B888EF8B29F7C61700065C9E /* Frameworks */,
				B888EF8C29F7C61700065C9E /* Resources */,
				1846F481EA85EA07E96B4B9F /* [CP] Embed Pods Frameworks */,
			);
			buildRules = (
			);
			dependencies = (
			);
			name = OrganizeWebView;
			productName = OrganizeWebView;
			productReference = B888EF8E29F7C61700065C9E /* OrganizeWebView.app */;
			productType = "com.apple.product-type.application";
		};
/* End PBXNativeTarget section */

/* Begin PBXProject section */
		B888EF8629F7C61700065C9E /* Project object */ = {
			isa = PBXProject;
			attributes = {
				BuildIndependentTargetsInParallel = 1;
				LastSwiftUpdateCheck = 1420;
				LastUpgradeCheck = 1420;
				TargetAttributes = {
					B888EF8D29F7C61700065C9E = {
						CreatedOnToolsVersion = 14.2;
					};
				};
			};
			buildConfigurationList = B888EF8929F7C61700065C9E /* Build configuration list for PBXProject "OrganizeWebView" */;
			compatibilityVersion = "Xcode 14.0";
			developmentRegion = en;
			hasScannedForEncodings = 0;
			knownRegions = (
				en,
				Base,
			);
			mainGroup = B888EF8529F7C61700065C9E;
			productRefGroup = B888EF8F29F7C61700065C9E /* Products */;
			projectDirPath = "";
			projectRoot = "";
			targets = (
				B888EF8D29F7C61700065C9E /* OrganizeWebView */,
			);
		};
/* End PBXProject section */

/* Begin PBXResourcesBuildPhase section */
		B888EF8C29F7C61700065C9E /* Resources */ = {
			isa = PBXResourcesBuildPhase;
			buildActionMask = 2147483647;
			files = (
				B8CD453429F8DD1B00508FA4 /* lottie.json in Resources */,
				B888EF9E29F7C61800065C9E /* LaunchScreen.storyboard in Resources */,
				B888EF9B29F7C61800065C9E /* Assets.xcassets in Resources */,
			);
			runOnlyForDeploymentPostprocessing = 0;
		};
/* End PBXResourcesBuildPhase section */

/* Begin PBXShellScriptBuildPhase section */
		1846F481EA85EA07E96B4B9F /* [CP] Embed Pods Frameworks */ = {
			isa = PBXShellScriptBuildPhase;
			buildActionMask = 2147483647;
			files = (
			);
			inputFileListPaths = (
				"${PODS_ROOT}/Target Support Files/Pods-OrganizeWebView/Pods-OrganizeWebView-frameworks-${CONFIGURATION}-input-files.xcfilelist",
			);
			name = "[CP] Embed Pods Frameworks";
			outputFileListPaths = (
				"${PODS_ROOT}/Target Support Files/Pods-OrganizeWebView/Pods-OrganizeWebView-frameworks-${CONFIGURATION}-output-files.xcfilelist",
			);
			runOnlyForDeploymentPostprocessing = 0;
			shellPath = /bin/sh;
			shellScript = "\"${PODS_ROOT}/Target Support Files/Pods-OrganizeWebView/Pods-OrganizeWebView-frameworks.sh\"\n";
			showEnvVarsInLog = 0;
		};
		20FCD472AA029A547436373E /* [CP] Check Pods Manifest.lock */ = {
			isa = PBXShellScriptBuildPhase;
			buildActionMask = 2147483647;
			files = (
			);
			inputFileListPaths = (
			);
			inputPaths = (
				"${PODS_PODFILE_DIR_PATH}/Podfile.lock",
				"${PODS_ROOT}/Manifest.lock",
			);
			name = "[CP] Check Pods Manifest.lock";
			outputFileListPaths = (
			);
			outputPaths = (
				"$(DERIVED_FILE_DIR)/Pods-OrganizeWebView-checkManifestLockResult.txt",
			);
			runOnlyForDeploymentPostprocessing = 0;
			shellPath = /bin/sh;
			shellScript = "diff \"${PODS_PODFILE_DIR_PATH}/Podfile.lock\" \"${PODS_ROOT}/Manifest.lock\" > /dev/null\nif [ $? != 0 ] ; then\n    # print error to STDERR\n    echo \"error: The sandbox is not in sync with the Podfile.lock. Run 'pod install' or update your CocoaPods installation.\" >&2\n    exit 1\nfi\n# This output is used by Xcode 'outputs' to avoid re-running this script phase.\necho \"SUCCESS\" > \"${SCRIPT_OUTPUT_FILE_0}\"\n";
			showEnvVarsInLog = 0;
		};
/* End PBXShellScriptBuildPhase section */

/* Begin PBXSourcesBuildPhase section */
		B888EF8A29F7C61700065C9E /* Sources */ = {
			isa = PBXSourcesBuildPhase;
			buildActionMask = 2147483647;
			files = (
				B8CD453129F8DCF300508FA4 /* CommonLoadingView.swift in Sources */,
				B8CD452329F8BB0700508FA4 /* AppConfigure.swift in Sources */,
				B888EFA829F7C8AE00065C9E /* CommonWebView.swift in Sources */,
				B888EFA629F7C66C00065C9E /* MainViewController.swift in Sources */,
				B8CD451F29F8B5FA00508FA4 /* CommonWebViewController.swift in Sources */,
				B8CD451D29F8B26A00508FA4 /* CommonBridgeResultDto.swift in Sources */,
				B8CD452B29F8DBF100508FA4 /* BaseViewController.swift in Sources */,
				B8CD452129F8B8A200508FA4 /* CommonUrl.swift in Sources */,
				B8CD453629F8DD7200508FA4 /* CommonRetryView.swift in Sources */,
				B8CD452829F8BCCD00508FA4 /* Person.swift in Sources */,
				B8CD452F29F8DCA500508FA4 /* CommonBottomModal.swift in Sources */,
				B888EF9229F7C61700065C9E /* AppDelegate.swift in Sources */,
				B888EF9429F7C61700065C9E /* SceneDelegate.swift in Sources */,
			);
			runOnlyForDeploymentPostprocessing = 0;
		};
/* End PBXSourcesBuildPhase section */

/* Begin PBXVariantGroup section */
		B888EF9C29F7C61800065C9E /* LaunchScreen.storyboard */ = {
			isa = PBXVariantGroup;
			children = (
				B888EF9D29F7C61800065C9E /* Base */,
			);
			name = LaunchScreen.storyboard;
			sourceTree = "<group>";
		};
/* End PBXVariantGroup section */

/* Begin XCBuildConfiguration section */
		B888EFA029F7C61800065C9E /* Debug */ = {
			isa = XCBuildConfiguration;
			buildSettings = {
				ALWAYS_SEARCH_USER_PATHS = NO;
				CLANG_ANALYZER_NONNULL = YES;
				CLANG_ANALYZER_NUMBER_OBJECT_CONVERSION = YES_AGGRESSIVE;
				CLANG_CXX_LANGUAGE_STANDARD = "gnu++20";
				CLANG_ENABLE_MODULES = YES;
				CLANG_ENABLE_OBJC_ARC = YES;
				CLANG_ENABLE_OBJC_WEAK = YES;
				CLANG_WARN_BLOCK_CAPTURE_AUTORELEASING = YES;
				CLANG_WARN_BOOL_CONVERSION = YES;
				CLANG_WARN_COMMA = YES;
				CLANG_WARN_CONSTANT_CONVERSION = YES;
				CLANG_WARN_DEPRECATED_OBJC_IMPLEMENTATIONS = YES;
				CLANG_WARN_DIRECT_OBJC_ISA_USAGE = YES_ERROR;
				CLANG_WARN_DOCUMENTATION_COMMENTS = YES;
				CLANG_WARN_EMPTY_BODY = YES;
				CLANG_WARN_ENUM_CONVERSION = YES;
				CLANG_WARN_INFINITE_RECURSION = YES;
				CLANG_WARN_INT_CONVERSION = YES;
				CLANG_WARN_NON_LITERAL_NULL_CONVERSION = YES;
				CLANG_WARN_OBJC_IMPLICIT_RETAIN_SELF = YES;
				CLANG_WARN_OBJC_LITERAL_CONVERSION = YES;
				CLANG_WARN_OBJC_ROOT_CLASS = YES_ERROR;
				CLANG_WARN_QUOTED_INCLUDE_IN_FRAMEWORK_HEADER = YES;
				CLANG_WARN_RANGE_LOOP_ANALYSIS = YES;
				CLANG_WARN_STRICT_PROTOTYPES = YES;
				CLANG_WARN_SUSPICIOUS_MOVE = YES;
				CLANG_WARN_UNGUARDED_AVAILABILITY = YES_AGGRESSIVE;
				CLANG_WARN_UNREACHABLE_CODE = YES;
				CLANG_WARN__DUPLICATE_METHOD_MATCH = YES;
				COPY_PHASE_STRIP = NO;
				DEBUG_INFORMATION_FORMAT = dwarf;
				ENABLE_STRICT_OBJC_MSGSEND = YES;
				ENABLE_TESTABILITY = YES;
				GCC_C_LANGUAGE_STANDARD = gnu11;
				GCC_DYNAMIC_NO_PIC = NO;
				GCC_NO_COMMON_BLOCKS = YES;
				GCC_OPTIMIZATION_LEVEL = 0;
				GCC_PREPROCESSOR_DEFINITIONS = (
					"DEBUG=1",
					"$(inherited)",
				);
				GCC_WARN_64_TO_32_BIT_CONVERSION = YES;
				GCC_WARN_ABOUT_RETURN_TYPE = YES_ERROR;
				GCC_WARN_UNDECLARED_SELECTOR = YES;
				GCC_WARN_UNINITIALIZED_AUTOS = YES_AGGRESSIVE;
				GCC_WARN_UNUSED_FUNCTION = YES;
				GCC_WARN_UNUSED_VARIABLE = YES;
				IPHONEOS_DEPLOYMENT_TARGET = 16.2;
				MTL_ENABLE_DEBUG_INFO = INCLUDE_SOURCE;
				MTL_FAST_MATH = YES;
				ONLY_ACTIVE_ARCH = YES;
				SDKROOT = iphoneos;
				SWIFT_ACTIVE_COMPILATION_CONDITIONS = DEBUG;
				SWIFT_OPTIMIZATION_LEVEL = "-Onone";
			};
			name = Debug;
		};
		B888EFA129F7C61800065C9E /* Release */ = {
			isa = XCBuildConfiguration;
			buildSettings = {
				ALWAYS_SEARCH_USER_PATHS = NO;
				CLANG_ANALYZER_NONNULL = YES;
				CLANG_ANALYZER_NUMBER_OBJECT_CONVERSION = YES_AGGRESSIVE;
				CLANG_CXX_LANGUAGE_STANDARD = "gnu++20";
				CLANG_ENABLE_MODULES = YES;
				CLANG_ENABLE_OBJC_ARC = YES;
				CLANG_ENABLE_OBJC_WEAK = YES;
				CLANG_WARN_BLOCK_CAPTURE_AUTORELEASING = YES;
				CLANG_WARN_BOOL_CONVERSION = YES;
				CLANG_WARN_COMMA = YES;
				CLANG_WARN_CONSTANT_CONVERSION = YES;
				CLANG_WARN_DEPRECATED_OBJC_IMPLEMENTATIONS = YES;
				CLANG_WARN_DIRECT_OBJC_ISA_USAGE = YES_ERROR;
				CLANG_WARN_DOCUMENTATION_COMMENTS = YES;
				CLANG_WARN_EMPTY_BODY = YES;
				CLANG_WARN_ENUM_CONVERSION = YES;
				CLANG_WARN_INFINITE_RECURSION = YES;
				CLANG_WARN_INT_CONVERSION = YES;
				CLANG_WARN_NON_LITERAL_NULL_CONVERSION = YES;
				CLANG_WARN_OBJC_IMPLICIT_RETAIN_SELF = YES;
				CLANG_WARN_OBJC_LITERAL_CONVERSION = YES;
				CLANG_WARN_OBJC_ROOT_CLASS = YES_ERROR;
				CLANG_WARN_QUOTED_INCLUDE_IN_FRAMEWORK_HEADER = YES;
				CLANG_WARN_RANGE_LOOP_ANALYSIS = YES;
				CLANG_WARN_STRICT_PROTOTYPES = YES;
				CLANG_WARN_SUSPICIOUS_MOVE = YES;
				CLANG_WARN_UNGUARDED_AVAILABILITY = YES_AGGRESSIVE;
				CLANG_WARN_UNREACHABLE_CODE = YES;
				CLANG_WARN__DUPLICATE_METHOD_MATCH = YES;
				COPY_PHASE_STRIP = NO;
				DEBUG_INFORMATION_FORMAT = "dwarf-with-dsym";
				ENABLE_NS_ASSERTIONS = NO;
				ENABLE_STRICT_OBJC_MSGSEND = YES;
				GCC_C_LANGUAGE_STANDARD = gnu11;
				GCC_NO_COMMON_BLOCKS = YES;
				GCC_WARN_64_TO_32_BIT_CONVERSION = YES;
				GCC_WARN_ABOUT_RETURN_TYPE = YES_ERROR;
				GCC_WARN_UNDECLARED_SELECTOR = YES;
				GCC_WARN_UNINITIALIZED_AUTOS = YES_AGGRESSIVE;
				GCC_WARN_UNUSED_FUNCTION = YES;
				GCC_WARN_UNUSED_VARIABLE = YES;
				IPHONEOS_DEPLOYMENT_TARGET = 16.2;
				MTL_ENABLE_DEBUG_INFO = NO;
				MTL_FAST_MATH = YES;
				SDKROOT = iphoneos;
				SWIFT_COMPILATION_MODE = wholemodule;
				SWIFT_OPTIMIZATION_LEVEL = "-O";
				VALIDATE_PRODUCT = YES;
			};
			name = Release;
		};
		B888EFA329F7C61800065C9E /* Debug */ = {
			isa = XCBuildConfiguration;
			baseConfigurationReference = EA0F408E4D6DEE149947A0DD /* Pods-OrganizeWebView.debug.xcconfig */;
			buildSettings = {
				ASSETCATALOG_COMPILER_APPICON_NAME = AppIcon;
				ASSETCATALOG_COMPILER_GLOBAL_ACCENT_COLOR_NAME = AccentColor;
				CODE_SIGN_STYLE = Automatic;
				CURRENT_PROJECT_VERSION = 1;
				DEVELOPMENT_TEAM = BXV27XC6DZ;
				GENERATE_INFOPLIST_FILE = YES;
				INFOPLIST_FILE = OrganizeWebView/Info.plist;
				INFOPLIST_KEY_UIApplicationSupportsIndirectInputEvents = YES;
				INFOPLIST_KEY_UILaunchStoryboardName = LaunchScreen;
				INFOPLIST_KEY_UISupportedInterfaceOrientations_iPad = "UIInterfaceOrientationPortrait UIInterfaceOrientationPortraitUpsideDown UIInterfaceOrientationLandscapeLeft UIInterfaceOrientationLandscapeRight";
				INFOPLIST_KEY_UISupportedInterfaceOrientations_iPhone = "UIInterfaceOrientationPortrait UIInterfaceOrientationLandscapeLeft UIInterfaceOrientationLandscapeRight";
				IPHONEOS_DEPLOYMENT_TARGET = 14.0;
				LD_RUNPATH_SEARCH_PATHS = (
					"$(inherited)",
					"@executable_path/Frameworks",
				);
				MARKETING_VERSION = 1.0;
				PRODUCT_BUNDLE_IDENTIFIER = "com.will-d.OrganizeWebView";
				PRODUCT_NAME = "$(TARGET_NAME)";
				SWIFT_EMIT_LOC_STRINGS = YES;
				SWIFT_VERSION = 5.0;
				TARGETED_DEVICE_FAMILY = "1,2";
			};
			name = Debug;
		};
		B888EFA429F7C61800065C9E /* Release */ = {
			isa = XCBuildConfiguration;
			baseConfigurationReference = D78A701B8F11EA7DFA17C79A /* Pods-OrganizeWebView.release.xcconfig */;
			buildSettings = {
				ASSETCATALOG_COMPILER_APPICON_NAME = AppIcon;
				ASSETCATALOG_COMPILER_GLOBAL_ACCENT_COLOR_NAME = AccentColor;
				CODE_SIGN_STYLE = Automatic;
				CURRENT_PROJECT_VERSION = 1;
				DEVELOPMENT_TEAM = BXV27XC6DZ;
				GENERATE_INFOPLIST_FILE = YES;
				INFOPLIST_FILE = OrganizeWebView/Info.plist;
				INFOPLIST_KEY_UIApplicationSupportsIndirectInputEvents = YES;
				INFOPLIST_KEY_UILaunchStoryboardName = LaunchScreen;
				INFOPLIST_KEY_UISupportedInterfaceOrientations_iPad = "UIInterfaceOrientationPortrait UIInterfaceOrientationPortraitUpsideDown UIInterfaceOrientationLandscapeLeft UIInterfaceOrientationLandscapeRight";
				INFOPLIST_KEY_UISupportedInterfaceOrientations_iPhone = "UIInterfaceOrientationPortrait UIInterfaceOrientationLandscapeLeft UIInterfaceOrientationLandscapeRight";
				IPHONEOS_DEPLOYMENT_TARGET = 14.0;
				LD_RUNPATH_SEARCH_PATHS = (
					"$(inherited)",
					"@executable_path/Frameworks",
				);
				MARKETING_VERSION = 1.0;
				PRODUCT_BUNDLE_IDENTIFIER = "com.will-d.OrganizeWebView";
				PRODUCT_NAME = "$(TARGET_NAME)";
				SWIFT_EMIT_LOC_STRINGS = YES;
				SWIFT_VERSION = 5.0;
				TARGETED_DEVICE_FAMILY = "1,2";
			};
			name = Release;
		};
/* End XCBuildConfiguration section */

/* Begin XCConfigurationList section */
		B888EF8929F7C61700065C9E /* Build configuration list for PBXProject "OrganizeWebView" */ = {
			isa = XCConfigurationList;
			buildConfigurations = (
				B888EFA029F7C61800065C9E /* Debug */,
				B888EFA129F7C61800065C9E /* Release */,
			);
			defaultConfigurationIsVisible = 0;
			defaultConfigurationName = Release;
		};
		B888EFA229F7C61800065C9E /* Build configuration list for PBXNativeTarget "OrganizeWebView" */ = {
			isa = XCConfigurationList;
			buildConfigurations = (
				B888EFA329F7C61800065C9E /* Debug */,
				B888EFA429F7C61800065C9E /* Release */,
			);
			defaultConfigurationIsVisible = 0;
			defaultConfigurationName = Release;
		};
/* End XCConfigurationList section */
	};
	rootObject = B888EF8629F7C61700065C9E /* Project object */;
}
